PODS:
  - Alamofire (4.8.1)
  - Eureka (4.3.1)
  - ImageSlideshow (1.7.0):
    - ImageSlideshow/Core (= 1.7.0)
  - ImageSlideshow/Core (1.7.0)
  - ImageSlideshow/Kingfisher (1.7.0):
    - ImageSlideshow/Core
    - Kingfisher (> 3.0)
  - ImageViewer (5.0.0)
  - Kingfisher (5.1.0)
  - NVActivityIndicatorView (4.6.1):
    - NVActivityIndicatorView/Presenter (= 4.6.1)
  - NVActivityIndicatorView/Presenter (4.6.1)
  - Pulley (2.6.2)
  - SimpleImageViewer (1.1.1)
  - Siren (4.2.1)
  - Stripe (14.0.0)
  - SwiftyJSON (4.2.0)

DEPENDENCIES:
  - Alamofire
  - Eureka
  - ImageSlideshow
  - ImageSlideshow/Kingfisher
  - ImageViewer (from `https://github.com/MailOnline/ImageViewer.git`, commit `ffe41dffb2ec0d6506d622b10099dc5e5eaeea43`)
  - NVActivityIndicatorView
  - Pulley
  - SimpleImageViewer
  - Siren
  - Stripe
  - SwiftyJSON

SPEC REPOS:
  https://github.com/cocoapods/specs.git:
    - Alamofire
    - Eureka
    - ImageSlideshow
    - Kingfisher
    - NVActivityIndicatorView
    - Pulley
    - SimpleImageViewer
    - Siren
    - Stripe
    - SwiftyJSON

EXTERNAL SOURCES:
  ImageViewer:
    :commit: ffe41dffb2ec0d6506d622b10099dc5e5eaeea43
    :git: https://github.com/MailOnline/ImageViewer.git

CHECKOUT OPTIONS:
  ImageViewer:
    :commit: ffe41dffb2ec0d6506d622b10099dc5e5eaeea43
    :git: https://github.com/MailOnline/ImageViewer.git

SPEC CHECKSUMS:
  Alamofire: 16ce2c353fb72865124ddae8a57c5942388f4f11
  Eureka: 28ea296f06710f6745266b71f17862048941a32d
  ImageSlideshow: f8eec5e37a980f60923b585ff23b0e140fd24018
  ImageViewer: 997018c2f4f7f9830602349bbcc3b2b776424942
  Kingfisher: fcec238063d17404fca89bf0a850583211c4cbf6
  NVActivityIndicatorView: 4ca19fccc84595a78957336a086d00a49be6ce61
  Pulley: 2679a2b5a9714c5eb760b1fbb535d15c60e50fb4
  SimpleImageViewer: 34c3a2cde2d9ac022146772cefc27fca14b0c8b1
  Siren: 69253e2420c47d68f1757360ed2766bf759f662f
  Stripe: db29ad197c74aca6fb981e4e8355cf7ebd0fca5a
  SwiftyJSON: c4bcba26dd9ec7a027fc8eade48e2c911f229e96

PODFILE CHECKSUM: c6b2a275f45f5ff960d671bc912679a7329a5997

COCOAPODS: 1.5.3
